PODS:
  - Flutter (1.0.0)
  - xend (0.1.0):
    - Flutter

DEPENDENCIES:
  - Flutter (from `Flutter`)
  - xend (from `.symlinks/plugins/xend/ios`)

EXTERNAL SOURCES:
  Flutter:
    :path: Flutter
  xend:
    :path: ".symlinks/plugins/xend/ios"

SPEC CHECKSUMS:
  Flutter: cabc95a1d2626b1b06e7179b784ebcf0c0cde467
  xend: 8087da860172e630066cdbcfc1fc7b5f1d7396b6

PODFILE CHECKSUM: ed6af9673485ed3388c4ef07d4158e06c2d3326c

COCOAPODS: 1.16.2
